{
  "nodes": {
    "cli": {
      "inputs": {
        "zsh-syntax-highlighting": "zsh-syntax-highlighting"
      },
      "locked": {
        "dir": "cli",
        "lastModified": 1642803283,
        "narHash": "sha256-W6G12P5dGw0T5lrnXlMMJw4lLQm5RYBi8IB5aiTrpr0=",
        "type": "git",
        "url": "file:///home/mbund/nix-home"
      },
      "original": {
        "dir": "cli",
        "id": "home",
        "type": "indirect"
      }
    },
    "common": {
      "locked": {
        "dir": "common",
        "lastModified": 1642803283,
        "narHash": "sha256-W6G12P5dGw0T5lrnXlMMJw4lLQm5RYBi8IB5aiTrpr0=",
        "type": "git",
        "url": "file:///home/mbund/nix-home"
      },
      "original": {
        "dir": "common",
        "id": "home",
        "type": "indirect"
      }
    },
    "firefox": {
      "inputs": {
        "nixpkgs": "nixpkgs",
        "nur": "nur"
      },
      "locked": {
        "dir": "firefox",
        "lastModified": 1642803283,
        "narHash": "sha256-W6G12P5dGw0T5lrnXlMMJw4lLQm5RYBi8IB5aiTrpr0=",
        "type": "git",
        "url": "file:///home/mbund/nix-home"
      },
      "original": {
        "dir": "firefox",
        "id": "home",
        "type": "indirect"
      }
    },
    "home-manager": {
      "inputs": {
        "nixpkgs": "nixpkgs_2"
      },
      "locked": {
        "lastModified": 1643240026,
        "narHash": "sha256-aBx8Ot/XgO7dlRUdWbG57z7rW3+ak1ZNBt2A0aWtmqU=",
        "owner": "nix-community",
        "repo": "home-manager",
        "rev": "24ed6e6d4d8df7045b1fe38dedc3db179321eaa3",
        "type": "github"
      },
      "original": {
        "owner": "nix-community",
        "repo": "home-manager",
        "type": "github"
      }
    },
    "mbund": {
      "inputs": {
        "cli": "cli",
        "common": "common",
        "firefox": "firefox",
        "home-manager": "home-manager",
        "plasma": "plasma"
      },
      "locked": {
        "narHash": "sha256-dM47A/LxOO7Ptko4sksBttw/ccKwEksoQ7riVec4JC4=",
        "path": "/nix/store/b9w6silizr1c5vc7adw8klr28dnmdhsc-source/mbund",
        "type": "path"
      },
      "original": {
        "path": "/nix/store/b9w6silizr1c5vc7adw8klr28dnmdhsc-source/mbund",
        "type": "path"
      }
    },
    "nixpkgs": {
      "locked": {
        "lastModified": 1642130244,
        "narHash": "sha256-/5FhZkZFQCRQIRFosUQW1zmDrsNHVOJIB/+XgRPHiPU=",
        "owner": "NixOS",
        "repo": "nixpkgs",
        "rev": "bc59ba15b64d0a0ee1d1764f18b4f3480d2c3e5a",
        "type": "github"
      },
      "original": {
        "id": "nixpkgs",
        "type": "indirect"
      }
    },
    "nixpkgs_2": {
      "locked": {
        "lastModified": 1642130244,
        "narHash": "sha256-/5FhZkZFQCRQIRFosUQW1zmDrsNHVOJIB/+XgRPHiPU=",
        "owner": "NixOS",
        "repo": "nixpkgs",
        "rev": "bc59ba15b64d0a0ee1d1764f18b4f3480d2c3e5a",
        "type": "github"
      },
      "original": {
        "id": "nixpkgs",
        "type": "indirect"
      }
    },
    "nur": {
      "locked": {
        "lastModified": 1642464025,
        "narHash": "sha256-dMh+gKelMjNyza+zZNKgNdCkjhnLdpuyBUBmIZe3Dlk=",
        "owner": "nix-community",
        "repo": "NUR",
        "rev": "f31604b87cdec970afd18245fc93e2fad119097e",
        "type": "github"
      },
      "original": {
        "id": "nur",
        "type": "indirect"
      }
    },
    "plasma": {
      "locked": {
        "dir": "plasma",
        "lastModified": 1642803283,
        "narHash": "sha256-W6G12P5dGw0T5lrnXlMMJw4lLQm5RYBi8IB5aiTrpr0=",
        "type": "git",
        "url": "file:///home/mbund/nix-home"
      },
      "original": {
        "dir": "plasma",
        "id": "home",
        "type": "indirect"
      }
    },
    "root": {
      "inputs": {
        "mbund": "mbund"
      }
    },
    "zsh-syntax-highlighting": {
      "flake": false,
      "locked": {
        "lastModified": 1636857900,
        "narHash": "sha256-MeuPqDeJpbJi2hT7VUgyQNSmDPY/biUncvyY78IBfzM=",
        "owner": "zsh-users",
        "repo": "zsh-syntax-highlighting",
        "rev": "c7caf57ca805abd54f11f756fda6395dd4187f8a",
        "type": "github"
      },
      "original": {
        "owner": "zsh-users",
        "repo": "zsh-syntax-highlighting",
        "type": "github"
      }
    }
  },
  "root": "root",
  "version": 7
}
