{
  "nodes": {
    "cli": {
      "inputs": {
        "cmp-npm": "cmp-npm",
        "diagnosticls-configs-nvim": "diagnosticls-configs-nvim",
        "vim-windowswap": "vim-windowswap",
        "zen-mode-nvim": "zen-mode-nvim",
        "zsh-syntax-highlighting": "zsh-syntax-highlighting"
      },
      "locked": {
        "narHash": "sha256-dmgKhSw41I+NvV/qGOJJ9rUrLTO9yarEUWv+PU5dOFc=",
        "path": "/nix/store/zwlc2ihvkg8sxlmpyg8gg0kpjp5rv258-source/cli",
        "type": "path"
      },
      "original": {
        "path": "/nix/store/zwlc2ihvkg8sxlmpyg8gg0kpjp5rv258-source/cli",
        "type": "path"
      }
    },
    "cmp-npm": {
      "flake": false,
      "locked": {
        "lastModified": 1635350489,
        "narHash": "sha256-QggQ+axMaFcUCt2gfSpsDpM0YlxEkAiDCctzfYtceVI=",
        "owner": "David-Kunz",
        "repo": "cmp-npm",
        "rev": "4b6166c3feeaf8dae162e33ee319dc5880e44a29",
        "type": "github"
      },
      "original": {
        "owner": "David-Kunz",
        "repo": "cmp-npm",
        "type": "github"
      }
    },
    "common": {
      "locked": {
        "narHash": "sha256-qcoWI+O+lwJ1qdwyw+07kouDNyhN39k3ugCKItCRr/Y=",
        "path": "/nix/store/zwlc2ihvkg8sxlmpyg8gg0kpjp5rv258-source/common",
        "type": "path"
      },
      "original": {
        "path": "/nix/store/zwlc2ihvkg8sxlmpyg8gg0kpjp5rv258-source/common",
        "type": "path"
      }
    },
    "diagnosticls-configs-nvim": {
      "flake": false,
      "locked": {
        "lastModified": 1642111245,
        "narHash": "sha256-JmLHSLBKUK6ZU/Lz/kTibzn/0vmMTmi5H8UmRdFyWDY=",
        "owner": "creativenull",
        "repo": "diagnosticls-configs-nvim",
        "rev": "e5d3e20f51f7ce3c2d38afd14df9d80d0a665234",
        "type": "github"
      },
      "original": {
        "owner": "creativenull",
        "repo": "diagnosticls-configs-nvim",
        "type": "github"
      }
    },
    "firefox": {
      "inputs": {
        "nixpkgs": "nixpkgs",
        "nur": "nur"
      },
      "locked": {
        "narHash": "sha256-xemPfiE43wSBZ+MQzvha/PXabxPXJxwU6kKKqR3te+0=",
        "path": "/nix/store/zwlc2ihvkg8sxlmpyg8gg0kpjp5rv258-source/firefox",
        "type": "path"
      },
      "original": {
        "path": "/nix/store/zwlc2ihvkg8sxlmpyg8gg0kpjp5rv258-source/firefox",
        "type": "path"
      }
    },
    "fluent-icons": {
      "flake": false,
      "locked": {
        "lastModified": 1643950544,
        "narHash": "sha256-mIjNNJLTL7mUy2cWvDJsE7bKmD2WWPV/kx+MpaWUfO4=",
        "owner": "vinceliuice",
        "repo": "Fluent-icon-theme",
        "rev": "e4b45fe1d13e3d2ba06f33fa4365ab4bcafec92c",
        "type": "github"
      },
      "original": {
        "owner": "vinceliuice",
        "repo": "Fluent-icon-theme",
        "type": "github"
      }
    },
    "home-manager": {
      "inputs": {
        "nixpkgs": "nixpkgs_2"
      },
      "locked": {
        "lastModified": 1643933104,
        "narHash": "sha256-NZPuFxRsZKN8pjRuHPpzlMyt6JQhcjiduBG8bMghSjE=",
        "owner": "nix-community",
        "repo": "home-manager",
        "rev": "63dccc4e60422c1db2c3929b2fd1541f36b7e664",
        "type": "github"
      },
      "original": {
        "owner": "nix-community",
        "repo": "home-manager",
        "type": "github"
      }
    },
    "kde-rounded-corners": {
      "flake": false,
      "locked": {
        "lastModified": 1636157358,
        "narHash": "sha256-N6DBsmHGTmLTKNxqgg7bn06BmLM2fLdtFG2AJo+benU=",
        "owner": "matinlotfali",
        "repo": "KDE-Rounded-Corners",
        "rev": "8ad8f5f5eff9d1625abc57cb24dc484d51f0e1bd",
        "type": "github"
      },
      "original": {
        "owner": "matinlotfali",
        "repo": "KDE-Rounded-Corners",
        "type": "github"
      }
    },
    "mbund": {
      "inputs": {
        "cli": [
          "cli"
        ],
        "common": [
          "common"
        ],
        "firefox": [
          "firefox"
        ],
        "home-manager": "home-manager",
        "nixpkgs": "nixpkgs_3",
        "plasma": [
          "plasma"
        ]
      },
      "locked": {
        "narHash": "sha256-jNWahq6AesZTjFlXg1GQEOP2K2DToBFK3cdJKkIdKHE=",
        "path": "/nix/store/zwlc2ihvkg8sxlmpyg8gg0kpjp5rv258-source/mbund",
        "type": "path"
      },
      "original": {
        "path": "/nix/store/zwlc2ihvkg8sxlmpyg8gg0kpjp5rv258-source/mbund",
        "type": "path"
      }
    },
    "nixpkgs": {
      "locked": {
        "lastModified": 1643401735,
        "narHash": "sha256-ASWQEjw560OMNwp2mKW3Ejlt+FgrKvUJ9y3hQ4c1bw0=",
        "owner": "NixOS",
        "repo": "nixpkgs",
        "rev": "fe580dcffa4a82da576cc61f27c9996b8bda115e",
        "type": "github"
      },
      "original": {
        "id": "nixpkgs",
        "type": "indirect"
      }
    },
    "nixpkgs_2": {
      "locked": {
        "lastModified": 1643401735,
        "narHash": "sha256-ASWQEjw560OMNwp2mKW3Ejlt+FgrKvUJ9y3hQ4c1bw0=",
        "owner": "NixOS",
        "repo": "nixpkgs",
        "rev": "fe580dcffa4a82da576cc61f27c9996b8bda115e",
        "type": "github"
      },
      "original": {
        "id": "nixpkgs",
        "type": "indirect"
      }
    },
    "nixpkgs_3": {
      "locked": {
        "lastModified": 1643401735,
        "narHash": "sha256-ASWQEjw560OMNwp2mKW3Ejlt+FgrKvUJ9y3hQ4c1bw0=",
        "owner": "NixOS",
        "repo": "nixpkgs",
        "rev": "fe580dcffa4a82da576cc61f27c9996b8bda115e",
        "type": "github"
      },
      "original": {
        "id": "nixpkgs",
        "type": "indirect"
      }
    },
    "nur": {
      "locked": {
        "lastModified": 1642464025,
        "narHash": "sha256-dMh+gKelMjNyza+zZNKgNdCkjhnLdpuyBUBmIZe3Dlk=",
        "owner": "nix-community",
        "repo": "NUR",
        "rev": "f31604b87cdec970afd18245fc93e2fad119097e",
        "type": "github"
      },
      "original": {
        "id": "nur",
        "type": "indirect"
      }
    },
    "one-dark-kde-theme": {
      "flake": false,
      "locked": {
        "lastModified": 1628509088,
        "narHash": "sha256-3TYYX2mi/FiIajZbrA7C0HSEjaJFX13GzxxLFwPDKfE=",
        "owner": "Prayag2",
        "repo": "kde_onedark",
        "rev": "8a928843bb308ebe935f23b4e0f8c0a0259e0e32",
        "type": "github"
      },
      "original": {
        "owner": "Prayag2",
        "repo": "kde_onedark",
        "type": "github"
      }
    },
    "plasma": {
      "inputs": {
        "fluent-icons": "fluent-icons",
        "kde-rounded-corners": "kde-rounded-corners",
        "one-dark-kde-theme": "one-dark-kde-theme"
      },
      "locked": {
        "narHash": "sha256-sGFuiDU5vV+/NlqOvs279UKIV06JE+Vni23TrYP6hWY=",
        "path": "/nix/store/zwlc2ihvkg8sxlmpyg8gg0kpjp5rv258-source/plasma",
        "type": "path"
      },
      "original": {
        "path": "/nix/store/zwlc2ihvkg8sxlmpyg8gg0kpjp5rv258-source/plasma",
        "type": "path"
      }
    },
    "root": {
      "inputs": {
        "cli": "cli",
        "common": "common",
        "firefox": "firefox",
        "mbund": "mbund",
        "plasma": "plasma"
      }
    },
    "vim-windowswap": {
      "flake": false,
      "locked": {
        "lastModified": 1526505087,
        "narHash": "sha256-S1CN0Dbb2BtZx4Jhafac2AltkzV2sPAixSESBXbn7/8=",
        "owner": "wesQ3",
        "repo": "vim-windowswap",
        "rev": "15db3f697aa1fa696d99fcdc920c90cd2cec855e",
        "type": "github"
      },
      "original": {
        "owner": "wesQ3",
        "repo": "vim-windowswap",
        "type": "github"
      }
    },
    "zen-mode-nvim": {
      "flake": false,
      "locked": {
        "lastModified": 1636312798,
        "narHash": "sha256-t+X4ObITdnpvs5olundHES28dS2d/Eoz4snMHrzNs7s=",
        "owner": "folke",
        "repo": "zen-mode.nvim",
        "rev": "f1cc53d32b49cf962fb89a2eb0a31b85bb270f7c",
        "type": "github"
      },
      "original": {
        "owner": "folke",
        "repo": "zen-mode.nvim",
        "type": "github"
      }
    },
    "zsh-syntax-highlighting": {
      "flake": false,
      "locked": {
        "lastModified": 1643622897,
        "narHash": "sha256-Nso9E+yDbjO8F4O8ggukepj4OTpUmOfnPtRArzS1x1Y=",
        "owner": "zsh-users",
        "repo": "zsh-syntax-highlighting",
        "rev": "c10808ad5f3ace0696f900b9c543172bc1f8e27c",
        "type": "github"
      },
      "original": {
        "owner": "zsh-users",
        "repo": "zsh-syntax-highlighting",
        "type": "github"
      }
    }
  },
  "root": "root",
  "version": 7
}
