{
  "nodes": {
    "cli": {
      "inputs": {
        "zsh-syntax-highlighting": "zsh-syntax-highlighting"
      },
      "locked": {
        "dir": "cli",
        "lastModified": 1642353832,
        "narHash": "sha256-1uf2G3HF+oIedZhbl/TNImMBGmtDjvF/xglTFSnShvE=",
        "type": "git",
        "url": "file:///home/mbund/nix-home"
      },
      "original": {
        "dir": "cli",
        "id": "home",
        "type": "indirect"
      }
    },
    "common": {
      "locked": {
        "dir": "common",
        "lastModified": 1642353832,
        "narHash": "sha256-1uf2G3HF+oIedZhbl/TNImMBGmtDjvF/xglTFSnShvE=",
        "type": "git",
        "url": "file:///home/mbund/nix-home"
      },
      "original": {
        "dir": "common",
        "id": "home",
        "type": "indirect"
      }
    },
    "home-manager": {
      "inputs": {
        "nixpkgs": "nixpkgs"
      },
      "locked": {
        "lastModified": 1642117744,
        "narHash": "sha256-/SvxBe/m6JiRSlKIrgD6LQxee9GGewFyq+lsPxoViMY=",
        "owner": "nix-community",
        "repo": "home-manager",
        "rev": "a5dd5d5f197724f3065fd39c59c7ccea3c8dcb8f",
        "type": "github"
      },
      "original": {
        "owner": "nix-community",
        "repo": "home-manager",
        "type": "github"
      }
    },
    "mbund": {
      "inputs": {
        "cli": "cli",
        "common": "common",
        "home-manager": "home-manager",
        "plasma": "plasma"
      },
      "locked": {
        "narHash": "sha256-+EWNPv67FRI+RIJkoSHX8c2YxNL3P5VAHxHR6q+rDTg=",
        "path": "/nix/store/v497vvh3n1r5pbcgvrs7c03fvf4bzhk9-source/mbund",
        "type": "path"
      },
      "original": {
        "path": "/nix/store/v497vvh3n1r5pbcgvrs7c03fvf4bzhk9-source/mbund",
        "type": "path"
      }
    },
    "nixpkgs": {
      "locked": {
        "lastModified": 1642069818,
        "narHash": "sha256-666w6j8wl/bojfgpp0k58/UJ5rbrdYFbI2RFT2BXbSQ=",
        "owner": "NixOS",
        "repo": "nixpkgs",
        "rev": "46821ea01c8f54d2a20f5a503809abfc605269d7",
        "type": "github"
      },
      "original": {
        "id": "nixpkgs",
        "type": "indirect"
      }
    },
    "plasma": {
      "locked": {
        "dir": "plasma",
        "lastModified": 1642353832,
        "narHash": "sha256-1uf2G3HF+oIedZhbl/TNImMBGmtDjvF/xglTFSnShvE=",
        "type": "git",
        "url": "file:///home/mbund/nix-home"
      },
      "original": {
        "dir": "plasma",
        "id": "home",
        "type": "indirect"
      }
    },
    "root": {
      "inputs": {
        "mbund": "mbund"
      }
    },
    "zsh-syntax-highlighting": {
      "flake": false,
      "locked": {
        "lastModified": 1636857900,
        "narHash": "sha256-MeuPqDeJpbJi2hT7VUgyQNSmDPY/biUncvyY78IBfzM=",
        "owner": "zsh-users",
        "repo": "zsh-syntax-highlighting",
        "rev": "c7caf57ca805abd54f11f756fda6395dd4187f8a",
        "type": "github"
      },
      "original": {
        "owner": "zsh-users",
        "repo": "zsh-syntax-highlighting",
        "type": "github"
      }
    }
  },
  "root": "root",
  "version": 7
}
