{
  "nodes": {
    "cli": {
      "inputs": {
        "nixpkgs": "nixpkgs",
        "zsh-syntax-highlighting": "zsh-syntax-highlighting"
      },
      "locked": {
        "dir": "cli",
        "lastModified": 1642133626,
        "narHash": "sha256-UDu//vFKsw/JO/6mpePYMVL6rlOcWLeRm0O9YJqtWKU=",
        "type": "git",
        "url": "file:///home/mbund/nix-home"
      },
      "original": {
        "dir": "cli",
        "id": "home",
        "type": "indirect"
      }
    },
    "common": {
      "locked": {
        "dir": "common",
        "lastModified": 1642133626,
        "narHash": "sha256-UDu//vFKsw/JO/6mpePYMVL6rlOcWLeRm0O9YJqtWKU=",
        "type": "git",
        "url": "file:///home/mbund/nix-home"
      },
      "original": {
        "dir": "common",
        "id": "home",
        "type": "indirect"
      }
    },
    "home-manager": {
      "inputs": {
        "nixpkgs": [
          "nixpkgs"
        ]
      },
      "locked": {
        "lastModified": 1642117744,
        "narHash": "sha256-/SvxBe/m6JiRSlKIrgD6LQxee9GGewFyq+lsPxoViMY=",
        "owner": "nix-community",
        "repo": "home-manager",
        "rev": "a5dd5d5f197724f3065fd39c59c7ccea3c8dcb8f",
        "type": "github"
      },
      "original": {
        "owner": "nix-community",
        "repo": "home-manager",
        "type": "github"
      }
    },
    "nixpkgs": {
      "locked": {
        "lastModified": 1641939011,
        "narHash": "sha256-a0z5+KgAFkqrDSFI9dl80GpnvtCgWnEHMewASkGrSE0=",
        "owner": "NixOS",
        "repo": "nixpkgs",
        "rev": "1b29f6fdb8ca9389f5000f479cdec42ceb67e161",
        "type": "github"
      },
      "original": {
        "id": "nixpkgs",
        "type": "indirect"
      }
    },
    "nixpkgs_2": {
      "locked": {
        "lastModified": 1641939011,
        "narHash": "sha256-a0z5+KgAFkqrDSFI9dl80GpnvtCgWnEHMewASkGrSE0=",
        "owner": "NixOS",
        "repo": "nixpkgs",
        "rev": "1b29f6fdb8ca9389f5000f479cdec42ceb67e161",
        "type": "github"
      },
      "original": {
        "id": "nixpkgs",
        "type": "indirect"
      }
    },
    "plasma": {
      "inputs": {
        "nixpkgs": [
          "plasma",
          "nixpkgs"
        ]
      },
      "locked": {
        "dir": "plasma",
        "lastModified": 1642133626,
        "narHash": "sha256-UDu//vFKsw/JO/6mpePYMVL6rlOcWLeRm0O9YJqtWKU=",
        "type": "git",
        "url": "file:///home/mbund/nix-home"
      },
      "original": {
        "dir": "plasma",
        "id": "home",
        "type": "indirect"
      }
    },
    "root": {
      "inputs": {
        "cli": "cli",
        "common": "common",
        "home-manager": "home-manager",
        "nixpkgs": "nixpkgs_2",
        "plasma": "plasma"
      }
    },
    "zsh-syntax-highlighting": {
      "flake": false,
      "locked": {
        "lastModified": 1636857900,
        "narHash": "sha256-MeuPqDeJpbJi2hT7VUgyQNSmDPY/biUncvyY78IBfzM=",
        "owner": "zsh-users",
        "repo": "zsh-syntax-highlighting",
        "rev": "c7caf57ca805abd54f11f756fda6395dd4187f8a",
        "type": "github"
      },
      "original": {
        "owner": "zsh-users",
        "repo": "zsh-syntax-highlighting",
        "type": "github"
      }
    }
  },
  "root": "root",
  "version": 7
}
